<?xml version="1.0" encoding="utf-8"?>
<Project ToolsVersion="4.0" xmlns="http://schemas.microsoft.com/developer/msbuild/2003">
  <ItemGroup>
    <Filter Include="Source Files">
      <UniqueIdentifier>{4FC737F1-C7A5-4376-A066-2A32D752A2FF}</UniqueIdentifier>
      <Extensions>cpp;c;cc;cxx;def;odl;idl;hpj;bat;asm;asmx</Extensions>
    </Filter>
    <Filter Include="Include Files">
      <UniqueIdentifier>{67d0e5bd-7b53-44ad-ad10-0c60b692bd57}</UniqueIdentifier>
    </Filter>
    <Filter Include="References">
      <UniqueIdentifier>{81b13a17-4d71-4f4a-8f38-3927b71e44db}</UniqueIdentifier>
    </Filter>
    <Filter Include="References\Shaders">
      <UniqueIdentifier>{f3f09285-2807-47e2-bb14-2496876eeeab}</UniqueIdentifier>
    </Filter>
    <Filter Include="References\Textures">
      <UniqueIdentifier>{97891c0d-3f01-412c-82e7-39e6fa70849d}</UniqueIdentifier>
    </Filter>
    <Filter Include="Assets">
      <UniqueIdentifier>{05a8d813-7ceb-499d-a35c-bdd678459082}</UniqueIdentifier>
    </Filter>
  </ItemGroup>
  <ItemGroup>
    <ClCompile Include="..\Source\Main.cpp">
      <Filter>Source Files</Filter>
    </ClCompile>
    <ClCompile Include="..\Source\Snowman.cpp">
      <Filter>Source Files</Filter>
    </ClCompile>
    <ClCompile Include="..\Source\Commands.cpp">
      <Filter>Source Files</Filter>
    </ClCompile>
  </ItemGroup>
  <ItemGroup>
    <ClInclude Include="..\Include\OBJloader.h">
      <Filter>Include Files</Filter>
    </ClInclude>
    <ClInclude Include="..\Include\stb_image.h">
      <Filter>Include Files</Filter>
    </ClInclude>
    <ClInclude Include="..\Include\Main.h">
      <Filter>Include Files</Filter>
    </ClInclude>
    <ClInclude Include="..\Include\Snowman.h">
      <Filter>Include Files</Filter>
    </ClInclude>
    <ClInclude Include="..\Include\Commands.h">
      <Filter>Include Files</Filter>
    </ClInclude>
    <ClInclude Include="..\Include\Colours.h">
      <Filter>Include Files</Filter>
    </ClInclude>
  </ItemGroup>
</Project>